
Microsoft Visual Studio Solution File, Format Version 12.00
# Visual Studio Version 17
VisualStudioVersion = 17.2.32516.85
MinimumVisualStudioVersion = 10.0.40219.1
Project("{2150E333-8FDC-42A3-9474-1A3956D46DE8}") = "Domain", "Domain", "{C416859F-44A0-4534-A27C-8F0228DCFA47}"
EndProject
Project("{2150E333-8FDC-42A3-9474-1A3956D46DE8}") = "Infrastructure", "Infrastructure", "{9E58FE55-42E0-4F89-9D89-0E7D79A54742}"
EndProject
Project("{2150E333-8FDC-42A3-9474-1A3956D46DE8}") = "Presentation", "Presentation", "{BC42BAC4-83EC-4BFF-89C2-D1522CC5C213}"
EndProject
Project("{2150E333-8FDC-42A3-9474-1A3956D46DE8}") = "UseCases", "UseCases", "{ED5AD024-7941-4BDE-8A52-5C6F40D05FFE}"
EndProject
Project("{9A19103F-16F7-4668-BE54-9A1E7A4F7556}") = "SignatureWatch.Domain.Entities", "SignatureWatch.Domain.Entities\SignatureWatch.Domain.Entities.csproj", "{4382111D-B074-46EB-AEC8-D697BAE441AB}"
EndProject
Project("{9A19103F-16F7-4668-BE54-9A1E7A4F7556}") = "SignatureWatch.Infrastructure.Persistence", "SignatureWatch.Infrastructure.Persistence\SignatureWatch.Infrastructure.Persistence.csproj", "{3FAAA0DE-B94E-4B4B-AB32-2AAA9F9AA567}"
EndProject
Project("{9A19103F-16F7-4668-BE54-9A1E7A4F7556}") = "SignatureWatch.UseCases.Features", "SignatureWatch.UseCases.Features\SignatureWatch.UseCases.Features.csproj", "{E042A823-8387-45EE-800D-94C4A9F80E06}"
EndProject
Project("{9A19103F-16F7-4668-BE54-9A1E7A4F7556}") = "SignatureWatch.Presentation.WebApp", "SignatureWatch.Presentation.WebApp\SignatureWatch.Presentation.WebApp.csproj", "{13C22931-2704-4ADD-A9FE-8FD8855E8873}"
EndProject
Project("{9A19103F-16F7-4668-BE54-9A1E7A4F7556}") = "SignatureWatch.UseCases.Contracts", "SignatureWatch.UseCases.Contracts\SignatureWatch.UseCases.Contracts.csproj", "{67AFF9B4-3C58-440D-8401-7C713171F3CD}"
EndProject
Project("{2150E333-8FDC-42A3-9474-1A3956D46DE8}") = "Tests", "Tests", "{5BDBFD33-FF30-41B4-AAC3-43BFBC61E614}"
EndProject
Project("{9A19103F-16F7-4668-BE54-9A1E7A4F7556}") = "SignatureWatch.Tests.UnitTests", "SignatureWatch.Tests.UnitTests\SignatureWatch.Tests.UnitTests.csproj", "{7EAD4A24-C379-477A-9736-431769C554D5}"
EndProject
Project("{54A90642-561A-4BB1-A94E-469ADEE60C69}") = "SignatureWatch.Presentation.Frontend", "SignatureWatch.Presentation.Frontend\SignatureWatch.Presentation.Frontend.esproj", "{95EB002E-5A4A-48CF-B28E-269F149E3AB6}"
EndProject
Project("{FAE04EC0-301F-11D3-BF4B-00C04F79EFBC}") = "SignatureWatch.UseCases.Gateways", "SignatureWatch.UseCases.Gateways\SignatureWatch.UseCases.Gateways.csproj", "{EB395DD9-2A33-4FE9-8745-5ACA8EAD7636}"
EndProject
Global
	GlobalSection(SolutionConfigurationPlatforms) = preSolution
		Debug|Any CPU = Debug|Any CPU
		Release|Any CPU = Release|Any CPU
	EndGlobalSection
	GlobalSection(ProjectConfigurationPlatforms) = postSolution
		{4382111D-B074-46EB-AEC8-D697BAE441AB}.Debug|Any CPU.ActiveCfg = Debug|Any CPU
		{4382111D-B074-46EB-AEC8-D697BAE441AB}.Debug|Any CPU.Build.0 = Debug|Any CPU
		{4382111D-B074-46EB-AEC8-D697BAE441AB}.Release|Any CPU.ActiveCfg = Release|Any CPU
		{4382111D-B074-46EB-AEC8-D697BAE441AB}.Release|Any CPU.Build.0 = Release|Any CPU
		{3FAAA0DE-B94E-4B4B-AB32-2AAA9F9AA567}.Debug|Any CPU.ActiveCfg = Debug|Any CPU
		{3FAAA0DE-B94E-4B4B-AB32-2AAA9F9AA567}.Debug|Any CPU.Build.0 = Debug|Any CPU
		{3FAAA0DE-B94E-4B4B-AB32-2AAA9F9AA567}.Release|Any CPU.ActiveCfg = Release|Any CPU
		{3FAAA0DE-B94E-4B4B-AB32-2AAA9F9AA567}.Release|Any CPU.Build.0 = Release|Any CPU
		{E042A823-8387-45EE-800D-94C4A9F80E06}.Debug|Any CPU.ActiveCfg = Debug|Any CPU
		{E042A823-8387-45EE-800D-94C4A9F80E06}.Debug|Any CPU.Build.0 = Debug|Any CPU
		{E042A823-8387-45EE-800D-94C4A9F80E06}.Release|Any CPU.ActiveCfg = Release|Any CPU
		{E042A823-8387-45EE-800D-94C4A9F80E06}.Release|Any CPU.Build.0 = Release|Any CPU
		{13C22931-2704-4ADD-A9FE-8FD8855E8873}.Debug|Any CPU.ActiveCfg = Debug|Any CPU
		{13C22931-2704-4ADD-A9FE-8FD8855E8873}.Debug|Any CPU.Build.0 = Debug|Any CPU
		{13C22931-2704-4ADD-A9FE-8FD8855E8873}.Release|Any CPU.ActiveCfg = Release|Any CPU
		{13C22931-2704-4ADD-A9FE-8FD8855E8873}.Release|Any CPU.Build.0 = Release|Any CPU
		{67AFF9B4-3C58-440D-8401-7C713171F3CD}.Debug|Any CPU.ActiveCfg = Debug|Any CPU
		{67AFF9B4-3C58-440D-8401-7C713171F3CD}.Debug|Any CPU.Build.0 = Debug|Any CPU
		{67AFF9B4-3C58-440D-8401-7C713171F3CD}.Release|Any CPU.ActiveCfg = Release|Any CPU
		{67AFF9B4-3C58-440D-8401-7C713171F3CD}.Release|Any CPU.Build.0 = Release|Any CPU
		{7EAD4A24-C379-477A-9736-431769C554D5}.Debug|Any CPU.ActiveCfg = Debug|Any CPU
		{7EAD4A24-C379-477A-9736-431769C554D5}.Debug|Any CPU.Build.0 = Debug|Any CPU
		{7EAD4A24-C379-477A-9736-431769C554D5}.Release|Any CPU.ActiveCfg = Release|Any CPU
		{7EAD4A24-C379-477A-9736-431769C554D5}.Release|Any CPU.Build.0 = Release|Any CPU
		{95EB002E-5A4A-48CF-B28E-269F149E3AB6}.Debug|Any CPU.ActiveCfg = Debug|Any CPU
		{95EB002E-5A4A-48CF-B28E-269F149E3AB6}.Debug|Any CPU.Build.0 = Debug|Any CPU
		{95EB002E-5A4A-48CF-B28E-269F149E3AB6}.Debug|Any CPU.Deploy.0 = Debug|Any CPU
		{95EB002E-5A4A-48CF-B28E-269F149E3AB6}.Release|Any CPU.ActiveCfg = Release|Any CPU
		{95EB002E-5A4A-48CF-B28E-269F149E3AB6}.Release|Any CPU.Build.0 = Release|Any CPU
		{95EB002E-5A4A-48CF-B28E-269F149E3AB6}.Release|Any CPU.Deploy.0 = Release|Any CPU
		{EB395DD9-2A33-4FE9-8745-5ACA8EAD7636}.Debug|Any CPU.ActiveCfg = Debug|Any CPU
		{EB395DD9-2A33-4FE9-8745-5ACA8EAD7636}.Debug|Any CPU.Build.0 = Debug|Any CPU
		{EB395DD9-2A33-4FE9-8745-5ACA8EAD7636}.Release|Any CPU.ActiveCfg = Release|Any CPU
		{EB395DD9-2A33-4FE9-8745-5ACA8EAD7636}.Release|Any CPU.Build.0 = Release|Any CPU
	EndGlobalSection
	GlobalSection(SolutionProperties) = preSolution
		HideSolutionNode = FALSE
	EndGlobalSection
	GlobalSection(NestedProjects) = preSolution
		{4382111D-B074-46EB-AEC8-D697BAE441AB} = {C416859F-44A0-4534-A27C-8F0228DCFA47}
		{3FAAA0DE-B94E-4B4B-AB32-2AAA9F9AA567} = {9E58FE55-42E0-4F89-9D89-0E7D79A54742}
		{E042A823-8387-45EE-800D-94C4A9F80E06} = {ED5AD024-7941-4BDE-8A52-5C6F40D05FFE}
		{13C22931-2704-4ADD-A9FE-8FD8855E8873} = {BC42BAC4-83EC-4BFF-89C2-D1522CC5C213}
		{67AFF9B4-3C58-440D-8401-7C713171F3CD} = {ED5AD024-7941-4BDE-8A52-5C6F40D05FFE}
		{7EAD4A24-C379-477A-9736-431769C554D5} = {5BDBFD33-FF30-41B4-AAC3-43BFBC61E614}
		{95EB002E-5A4A-48CF-B28E-269F149E3AB6} = {BC42BAC4-83EC-4BFF-89C2-D1522CC5C213}
		{EB395DD9-2A33-4FE9-8745-5ACA8EAD7636} = {ED5AD024-7941-4BDE-8A52-5C6F40D05FFE}
	EndGlobalSection
	GlobalSection(ExtensibilityGlobals) = postSolution
		SolutionGuid = {19CB54DE-A8DC-4B8F-8429-630EA9C74B1B}
	EndGlobalSection
EndGlobal
